
Microsoft Visual Studio Solution File, Format Version 12.00
# Visual Studio Version 17
VisualStudioVersion = 17.7.34024.191
MinimumVisualStudioVersion = 10.0.40219.1
Project("{FAE04EC0-301F-11D3-BF4B-00C04F79EFBC}") = "grafy", "grafy\grafy.csproj", "{719F2FE2-AAC8-421C-A27E-E71B44F92471}"
EndProject
Global
	GlobalSection(SolutionConfigurationPlatforms) = preSolution
		Debug|Any CPU = Debug|Any CPU
		Release|Any CPU = Release|Any CPU
	EndGlobalSection
	GlobalSection(ProjectConfigurationPlatforms) = postSolution
		{719F2FE2-AAC8-421C-A27E-E71B44F92471}.Debug|Any CPU.ActiveCfg = Debug|Any CPU
		{719F2FE2-AAC8-421C-A27E-E71B44F92471}.Debug|Any CPU.Build.0 = Debug|Any CPU
		{719F2FE2-AAC8-421C-A27E-E71B44F92471}.Release|Any CPU.ActiveCfg = Release|Any CPU
		{719F2FE2-AAC8-421C-A27E-E71B44F92471}.Release|Any CPU.Build.0 = Release|Any CPU
	EndGlobalSection
	GlobalSection(SolutionProperties) = preSolution
		HideSolutionNode = FALSE
	EndGlobalSection
	GlobalSection(ExtensibilityGlobals) = postSolution
		SolutionGuid = {74B60A88-08FB-4F73-A44F-0859A8A29F11}
	EndGlobalSection
EndGlobal
